
Microsoft Visual Studio Solution File, Format Version 12.00
# Visual Studio Version 17
VisualStudioVersion = 17.11.35312.102
MinimumVisualStudioVersion = 10.0.40219.1
Project("{FAE04EC0-301F-11D3-BF4B-00C04F79EFBC}") = "RoomsBookings", "RoomsBookings\RoomsBookings.csproj", "{01B596FA-28D7-43C5-BA7A-DBABC297CA65}"
EndProject
Project("{FAE04EC0-301F-11D3-BF4B-00C04F79EFBC}") = "RoomsBooking.Test", "RoomsBooking.Test\RoomsBooking.Test.csproj", "{4304AE4B-7772-476B-A34B-7C65511D820C}"
EndProject
Global
	GlobalSection(SolutionConfigurationPlatforms) = preSolution
		Debug|Any CPU = Debug|Any CPU
		Release|Any CPU = Release|Any CPU
	EndGlobalSection
	GlobalSection(ProjectConfigurationPlatforms) = postSolution
		{01B596FA-28D7-43C5-BA7A-DBABC297CA65}.Debug|Any CPU.ActiveCfg = Debug|Any CPU
		{01B596FA-28D7-43C5-BA7A-DBABC297CA65}.Debug|Any CPU.Build.0 = Debug|Any CPU
		{01B596FA-28D7-43C5-BA7A-DBABC297CA65}.Release|Any CPU.ActiveCfg = Release|Any CPU
		{01B596FA-28D7-43C5-BA7A-DBABC297CA65}.Release|Any CPU.Build.0 = Release|Any CPU
		{4304AE4B-7772-476B-A34B-7C65511D820C}.Debug|Any CPU.ActiveCfg = Debug|Any CPU
		{4304AE4B-7772-476B-A34B-7C65511D820C}.Debug|Any CPU.Build.0 = Debug|Any CPU
		{4304AE4B-7772-476B-A34B-7C65511D820C}.Release|Any CPU.ActiveCfg = Release|Any CPU
		{4304AE4B-7772-476B-A34B-7C65511D820C}.Release|Any CPU.Build.0 = Release|Any CPU
	EndGlobalSection
	GlobalSection(SolutionProperties) = preSolution
		HideSolutionNode = FALSE
	EndGlobalSection
	GlobalSection(ExtensibilityGlobals) = postSolution
		SolutionGuid = {B15DF5E8-34CE-4086-BD5F-2A5A2FA9F568}
	EndGlobalSection
EndGlobal
